
Microsoft Visual Studio Solution File, Format Version 12.00
# Visual Studio Version 16
VisualStudioVersion = 16.0.31105.61
MinimumVisualStudioVersion = 10.0.40219.1
Project("{FAE04EC0-301F-11D3-BF4B-00C04F79EFBC}") = "ThreeMen", "ThreeMen\ThreeMen.csproj", "{E39AEAB8-5BD9-490A-95BC-03825641C64A}"
EndProject
Global
	GlobalSection(SolutionConfigurationPlatforms) = preSolution
		Debug|Any CPU = Debug|Any CPU
		Release|Any CPU = Release|Any CPU
	EndGlobalSection
	GlobalSection(ProjectConfigurationPlatforms) = postSolution
		{E39AEAB8-5BD9-490A-95BC-03825641C64A}.Debug|Any CPU.ActiveCfg = Debug|Any CPU
		{E39AEAB8-5BD9-490A-95BC-03825641C64A}.Debug|Any CPU.Build.0 = Debug|Any CPU
		{E39AEAB8-5BD9-490A-95BC-03825641C64A}.Release|Any CPU.ActiveCfg = Release|Any CPU
		{E39AEAB8-5BD9-490A-95BC-03825641C64A}.Release|Any CPU.Build.0 = Release|Any CPU
	EndGlobalSection
	GlobalSection(SolutionProperties) = preSolution
		HideSolutionNode = FALSE
	EndGlobalSection
	GlobalSection(ExtensibilityGlobals) = postSolution
		SolutionGuid = {889B5BDD-59A4-4F11-AB77-04C776B31E55}
	EndGlobalSection
EndGlobal
